
Microsoft Visual Studio Solution File, Format Version 12.00
# Visual Studio Version 17
VisualStudioVersion = 17.1.32210.238
MinimumVisualStudioVersion = 10.0.40219.1
Project("{FAE04EC0-301F-11D3-BF4B-00C04F79EFBC}") = "Workbench", "Workbench\Workbench.csproj", "{45CC3212-4163-4E05-95D8-420F42A30A07}"
EndProject
Project("{FAE04EC0-301F-11D3-BF4B-00C04F79EFBC}") = "JsonDB", "JsonFileDB\JsonDB.csproj", "{12912649-CF8B-48FF-AEB3-6E7F5A5F0AA3}"
EndProject
Global
	GlobalSection(SolutionConfigurationPlatforms) = preSolution
		Debug|Any CPU = Debug|Any CPU
		Release|Any CPU = Release|Any CPU
	EndGlobalSection
	GlobalSection(ProjectConfigurationPlatforms) = postSolution
		{45CC3212-4163-4E05-95D8-420F42A30A07}.Debug|Any CPU.ActiveCfg = Debug|Any CPU
		{45CC3212-4163-4E05-95D8-420F42A30A07}.Debug|Any CPU.Build.0 = Debug|Any CPU
		{45CC3212-4163-4E05-95D8-420F42A30A07}.Release|Any CPU.ActiveCfg = Release|Any CPU
		{45CC3212-4163-4E05-95D8-420F42A30A07}.Release|Any CPU.Build.0 = Release|Any CPU
		{12912649-CF8B-48FF-AEB3-6E7F5A5F0AA3}.Debug|Any CPU.ActiveCfg = Debug|Any CPU
		{12912649-CF8B-48FF-AEB3-6E7F5A5F0AA3}.Debug|Any CPU.Build.0 = Debug|Any CPU
		{12912649-CF8B-48FF-AEB3-6E7F5A5F0AA3}.Release|Any CPU.ActiveCfg = Release|Any CPU
		{12912649-CF8B-48FF-AEB3-6E7F5A5F0AA3}.Release|Any CPU.Build.0 = Release|Any CPU
	EndGlobalSection
	GlobalSection(SolutionProperties) = preSolution
		HideSolutionNode = FALSE
	EndGlobalSection
	GlobalSection(ExtensibilityGlobals) = postSolution
		SolutionGuid = {EEE4C285-6B18-49FB-8269-80350D1B8D8C}
	EndGlobalSection
EndGlobal
